PODS:
  - AFNetworking (3.2.1):
    - AFNetworking/NSURLSession (= 3.2.1)
    - AFNetworking/Reachability (= 3.2.1)
    - AFNetworking/Security (= 3.2.1)
    - AFNetworking/Serialization (= 3.2.1)
    - AFNetworking/UIKit (= 3.2.1)
  - AFNetworking/NSURLSession (3.2.1):
    - AFNetworking/Reachability
    - AFNetworking/Security
    - AFNetworking/Serialization
  - AFNetworking/Reachability (3.2.1)
  - AFNetworking/Security (3.2.1)
  - AFNetworking/Serialization (3.2.1)
  - AFNetworking/UIKit (3.2.1):
    - AFNetworking/NSURLSession
  - AKNumericFormatter (0.0.2)
  - AlicloudPush (1.9.9.1):
    - AlicloudUT
    - AlicloudUtils
  - AlicloudUT (5.2.0.12):
    - AlicloudUTDID
  - AlicloudUTDID (1.1.0.19)
  - AlicloudUtils (1.3.7):
    - AlicloudUTDID
  - AliRTCSdk (1.15.2):
    - AliRTCSdk/AliRTCSdk (= 1.15.2)
  - AliRTCSdk/AliRTCSdk (1.15.2)
  - AliyunOSSiOS (2.6.5)
  - AMap3DMap-NO-IDFA (7.1.0):
    - AMapFoundation-NO-IDFA (~> 1.5)
  - AMapFoundation-NO-IDFA (1.6.1)
  - AMapLocation-NO-IDFA (2.6.4):
    - AMapFoundation-NO-IDFA (~> 1.6.1)
  - AMapNavi-NO-IDFA (7.1.0):
    - AMap3DMap-NO-IDFA (~> 7.0)
    - AMapFoundation-NO-IDFA (~> 1.5)
  - AMapSearch-NO-IDFA (7.1.0):
    - AMapFoundation-NO-IDFA (~> 1.4)
  - Bugly (2.5.2)
  - DACircularProgress (2.3.1)
  - libmp3lame (3.99.5)
  - Masonry (1.1.0)
  - MBProgressHUD (0.9.2)
  - MJRefresh (3.1.17)
  - MOBFoundation (3.2.8)
  - MWPhotoBrowser (2.1.2):
    - DACircularProgress (~> 2.3)
    - MBProgressHUD (~> 0.9)
    - "SDWebImage (!= 3.7.2, ~> 3.7)"
  - pop (1.0.12)
  - SDWebImage (3.8.3):
    - SDWebImage/Core (= 3.8.3)
  - SDWebImage/Core (3.8.3)
  - ShareSDK3 (4.0.4):
    - MOBFoundation
    - ShareSDK3/ShareSDK (= 4.0.4)
  - ShareSDK3/ShareSDK (4.0.4):
    - MOBFoundation
  - ShareSDK3/ShareSDKPlatforms/QQ (4.0.4):
    - MOBFoundation
  - ShareSDK3/ShareSDKPlatforms/SinaWeibo (4.0.4):
    - MOBFoundation
  - ViewDeck (3.1.0)
  - WechatOpenSDK (1.8.6)
  - YYKit (1.0.9):
    - YYKit/no-arc (= 1.0.9)
  - YYKit/no-arc (1.0.9)

DEPENDENCIES:
  - AFNetworking
  - AKNumericFormatter (~> 0.0.2)
  - AlicloudPush
  - AliRTCSdk
  - AliyunOSSiOS (~> 2.6.0)
  - AMapLocation-NO-IDFA
  - AMapNavi-NO-IDFA
  - AMapSearch-NO-IDFA
  - Bugly
  - libmp3lame
  - Masonry
  - MJRefresh (~> 3.1.12)
  - MOBFoundation
  - MWPhotoBrowser
  - pop
  - SDWebImage
  - ShareSDK3
  - ShareSDK3/ShareSDKPlatforms/QQ
  - ShareSDK3/ShareSDKPlatforms/SinaWeibo
  - ViewDeck
  - WechatOpenSDK
  - YYKit

SPEC REPOS:
  https://github.com/aliyun/aliyun-specs.git:
    - AlicloudPush
    - AlicloudUT
    - AlicloudUTDID
    - AlicloudUtils
  https://github.com/CocoaPods/Specs.git:
    - AFNetworking
    - AKNumericFormatter
    - AliRTCSdk
    - AliyunOSSiOS
    - AMap3DMap-NO-IDFA
    - AMapFoundation-NO-IDFA
    - AMapLocation-NO-IDFA
    - AMapNavi-NO-IDFA
    - AMapSearch-NO-IDFA
    - Bugly
    - DACircularProgress
    - libmp3lame
    - Masonry
    - MBProgressHUD
    - MJRefresh
    - MOBFoundation
    - MWPhotoBrowser
    - pop
    - SDWebImage
    - ShareSDK3
    - ViewDeck
    - WechatOpenSDK
    - YYKit

SPEC CHECKSUMS:
  AFNetworking: b6f891fdfaed196b46c7a83cf209e09697b94057
  AKNumericFormatter: de969ab13c504dca7aa119b558a934ccdbd1e376
  AlicloudPush: c87e2fae0e3909cad267d9a34379ae865c6b4ea0
  AlicloudUT: b7673ac4e19b89857a22ca5651880c80525b5650
  AlicloudUTDID: 79f509c3e997ef85fe307f8bfb2bb3be27f7e205
  AlicloudUtils: ec441e41aa746d779c2c3958aa9489c59cb434ea
  AliRTCSdk: 5d6d9ba56c39f98dd329a353cb68a3f63000c18e
  AliyunOSSiOS: 6d7f1f6aae0176095d147a88d60b23bbef93e0b7
  AMap3DMap-NO-IDFA: 93a9dfb7571d33156668a4428141c6aaa80edd80
  AMapFoundation-NO-IDFA: f2e353c14d755cab33601dc298be22c29c01df99
  AMapLocation-NO-IDFA: 9e1c2c0f5df43a77caf2f97bc599f4eea3cc6856
  AMapNavi-NO-IDFA: dd96a8433c6834e1c12682cdbfca71452792c518
  AMapSearch-NO-IDFA: 439cf79b729210a33431cfa65995b59184d0f388
  Bugly: dbac48b55ad469a97cc4321045cd50df8f63d44f
  DACircularProgress: 4dd437c0fc3da5161cb289e07ac449493d41db71
  libmp3lame: 1f867bc673ffd466fa206a18998c331b8342899a
  Masonry: 678fab65091a9290e40e2832a55e7ab731aad201
  MBProgressHUD: 1569cf7ace17a8bac47aabfbb8580a49690386d1
  MJRefresh: ee5b68f639775462faba4db0fd243baf4d42c2cf
  MOBFoundation: 2dc0a63371eccccabef13b1df3fe57564003bc85
  MWPhotoBrowser: 5836d7aa041dc05a13de380c246826578adc5ea5
  pop: d582054913807fd11fd50bfe6a539d91c7e1a55a
  SDWebImage: a72e880a8fe0f7fc31efe15aaed443c074d2a80c
  ShareSDK3: 75b57bab0cbe3119e281c7668eaad9d48adf3fde
  ViewDeck: 942d90dd23c9f97cc8038be352255378167edcca
  WechatOpenSDK: 368ae03b72ee3ea1328c4f11326fbb5d2721d118
  YYKit: 7cda43304a8dc3696c449041e2cb3107b4e236e7

PODFILE CHECKSUM: 89c284938171bdf2c5a0381315def098e93d3671

COCOAPODS: 1.9.1
